<?xml version="1.0" encoding="utf-8"?>
<Project xmlns="http://schemas.microsoft.com/developer/msbuild/2003">
  <ItemGroup>
    <Filter Include="Header Files">
      <UniqueIdentifier>{93995380-89BD-4b04-88EB-625FBE52EBFB}</UniqueIdentifier>
      <Extensions>h;hpp;hxx;hm;inl;inc;xsd</Extensions>
    </Filter>
    <Filter Include="Header Files">
      <UniqueIdentifier>{93995380-89BD-4b04-88EB-625FBE52EBFB}</UniqueIdentifier>
      <Extensions>h;hpp;hxx;hm;inl;inc;xsd</Extensions>
    </Filter>
    <Filter Include="Source Files">
      <UniqueIdentifier>{4FC737F1-C7A5-4376-A066-2A32D752A2FF}</UniqueIdentifier>
      <Extensions>cpp;c;cxx;def;odl;idl;hpj;bat;asm;asmx</Extensions>
    </Filter>
    <Filter Include="Source Files">
      <UniqueIdentifier>{4FC737F1-C7A5-4376-A066-2A32D752A2FF}</UniqueIdentifier>
      <Extensions>cpp;c;cxx;def;odl;idl;hpj;bat;asm;asmx</Extensions>
    </Filter>
    <Filter Include="cuda_compiler">
      <UniqueIdentifier>{E0D8C965-CC5F-43d7-AD63-FAEF0BBC0F85}-cuda_compiler</UniqueIdentifier>
      <ParseFiles>false</ParseFiles>
    </Filter>
    <Filter Include="cuda_compiler">
      <UniqueIdentifier>{E0D8C965-CC5F-43d7-AD63-FAEF0BBC0F85}-cuda_compiler</UniqueIdentifier>
      <ParseFiles>false</ParseFiles>
    </Filter>
  </ItemGroup>
  <ItemGroup>
    <ClCompile Include="..\src\activation_layer.c">
      <Filter>Source Files</Filter>
    </ClCompile>
    <ClCompile Include="..\src\activations.c">
      <Filter>Source Files</Filter>
    </ClCompile>
    <ClCompile Include="..\examples\art.c">
      <Filter>Source Files</Filter>
    </ClCompile>
    <ClCompile Include="..\examples\attention.c">
      <Filter>Source Files</Filter>
    </ClCompile>
    <ClCompile Include="..\src\avgpool_layer.c">
      <Filter>Source Files</Filter>
    </ClCompile>
    <ClCompile Include="..\src\batchnorm_layer.c">
      <Filter>Source Files</Filter>
    </ClCompile>
    <ClCompile Include="..\src\blas.c">
      <Filter>Source Files</Filter>
    </ClCompile>
    <ClCompile Include="..\src\box.c">
      <Filter>Source Files</Filter>
    </ClCompile>
    <ClCompile Include="..\examples\captcha.c">
      <Filter>Source Files</Filter>
    </ClCompile>
    <ClCompile Include="..\examples\cifar.c">
      <Filter>Source Files</Filter>
    </ClCompile>
    <ClCompile Include="..\examples\classifier.c">
      <Filter>Source Files</Filter>
    </ClCompile>
    <ClCompile Include="..\examples\coco.c">
      <Filter>Source Files</Filter>
    </ClCompile>
    <ClCompile Include="..\src\col2im.c">
      <Filter>Source Files</Filter>
    </ClCompile>
    <ClCompile Include="..\src\compare.c">
      <Filter>Source Files</Filter>
    </ClCompile>
    <ClCompile Include="..\src\connected_layer.c">
      <Filter>Source Files</Filter>
    </ClCompile>
    <ClCompile Include="..\src\convolutional_layer.c">
      <Filter>Source Files</Filter>
    </ClCompile>
    <ClCompile Include="..\src\cost_layer.c">
      <Filter>Source Files</Filter>
    </ClCompile>
    <ClCompile Include="..\src\crnn_layer.c">
      <Filter>Source Files</Filter>
    </ClCompile>
    <ClCompile Include="..\src\crop_layer.c">
      <Filter>Source Files</Filter>
    </ClCompile>
    <ClCompile Include="..\src\cuda.c">
      <Filter>Source Files</Filter>
    </ClCompile>
    <ClCompile Include="..\examples\darknet.c">
      <Filter>Source Files</Filter>
    </ClCompile>
    <ClCompile Include="..\src\data.c">
      <Filter>Source Files</Filter>
    </ClCompile>
    <ClCompile Include="..\src\deconvolutional_layer.c">
      <Filter>Source Files</Filter>
    </ClCompile>
    <ClCompile Include="..\src\demo.c">
      <Filter>Source Files</Filter>
    </ClCompile>
    <ClCompile Include="..\src\detection_layer.c">
      <Filter>Source Files</Filter>
    </ClCompile>
    <ClCompile Include="..\examples\detector.c">
      <Filter>Source Files</Filter>
    </ClCompile>
    <ClCompile Include="..\examples\dice.c">
      <Filter>Source Files</Filter>
    </ClCompile>
    <ClCompile Include="..\src\dropout_layer.c">
      <Filter>Source Files</Filter>
    </ClCompile>
    <ClCompile Include="..\src\gemm.c">
      <Filter>Source Files</Filter>
    </ClCompile>
    <ClCompile Include="..\windows\gettimeofday.c">
      <Filter>Source Files</Filter>
    </ClCompile>
    <ClCompile Include="..\examples\go.c">
      <Filter>Source Files</Filter>
    </ClCompile>
    <ClCompile Include="..\src\gru_layer.c">
      <Filter>Source Files</Filter>
    </ClCompile>
    <ClCompile Include="..\src\im2col.c">
      <Filter>Source Files</Filter>
    </ClCompile>
    <ClCompile Include="..\src\image.c">
      <Filter>Source Files</Filter>
    </ClCompile>
    <ClCompile Include="..\src\l2norm_layer.c">
      <Filter>Source Files</Filter>
    </ClCompile>
    <ClCompile Include="..\src\layer.c">
      <Filter>Source Files</Filter>
    </ClCompile>
    <ClCompile Include="..\src\list.c">
      <Filter>Source Files</Filter>
    </ClCompile>
    <ClCompile Include="..\src\local_layer.c">
      <Filter>Source Files</Filter>
    </ClCompile>
    <ClCompile Include="..\src\logistic_layer.c">
      <Filter>Source Files</Filter>
    </ClCompile>
    <ClCompile Include="..\examples\lsd.c">
      <Filter>Source Files</Filter>
    </ClCompile>
    <ClCompile Include="..\src\lstm_layer.c">
      <Filter>Source Files</Filter>
    </ClCompile>
    <ClCompile Include="..\src\matrix.c">
      <Filter>Source Files</Filter>
    </ClCompile>
    <ClCompile Include="..\src\maxpool_layer.c">
      <Filter>Source Files</Filter>
    </ClCompile>
    <ClCompile Include="..\src\network.c">
      <Filter>Source Files</Filter>
    </ClCompile>
    <ClCompile Include="..\examples\nightmare.c">
      <Filter>Source Files</Filter>
    </ClCompile>
    <ClCompile Include="..\src\normalization_layer.c">
      <Filter>Source Files</Filter>
    </ClCompile>
    <ClCompile Include="..\src\option_list.c">
      <Filter>Source Files</Filter>
    </ClCompile>
    <ClCompile Include="..\src\parser.c">
      <Filter>Source Files</Filter>
    </ClCompile>
    <ClCompile Include="..\src\region_layer.c">
      <Filter>Source Files</Filter>
    </ClCompile>
    <ClCompile Include="..\examples\regressor.c">
      <Filter>Source Files</Filter>
    </ClCompile>
    <ClCompile Include="..\src\reorg_layer.c">
      <Filter>Source Files</Filter>
    </ClCompile>
    <ClCompile Include="..\examples\rnn.c">
      <Filter>Source Files</Filter>
    </ClCompile>
    <ClCompile Include="..\src\rnn_layer.c">
      <Filter>Source Files</Filter>
    </ClCompile>
    <ClCompile Include="..\examples\rnn_vid.c">
      <Filter>Source Files</Filter>
    </ClCompile>
    <ClCompile Include="..\src\route_layer.c">
      <Filter>Source Files</Filter>
    </ClCompile>
    <ClCompile Include="..\examples\segmenter.c">
      <Filter>Source Files</Filter>
    </ClCompile>
    <ClCompile Include="..\src\shortcut_layer.c">
      <Filter>Source Files</Filter>
    </ClCompile>
    <ClCompile Include="..\src\softmax_layer.c">
      <Filter>Source Files</Filter>
    </ClCompile>
    <ClCompile Include="..\examples\super.c">
      <Filter>Source Files</Filter>
    </ClCompile>
    <ClCompile Include="..\examples\swag.c">
      <Filter>Source Files</Filter>
    </ClCompile>
    <ClCompile Include="..\examples\tag.c">
      <Filter>Source Files</Filter>
    </ClCompile>
    <ClCompile Include="..\src\tree.c">
      <Filter>Source Files</Filter>
    </ClCompile>
    <ClCompile Include="..\src\upsample_layer.c">
      <Filter>Source Files</Filter>
    </ClCompile>
    <ClCompile Include="..\src\utils.c">
      <Filter>Source Files</Filter>
    </ClCompile>
    <ClCompile Include="..\examples\voxel.c">
      <Filter>Source Files</Filter>
    </ClCompile>
    <ClCompile Include="..\examples\writing.c">
      <Filter>Source Files</Filter>
    </ClCompile>
    <ClCompile Include="..\examples\yolo.c">
      <Filter>Source Files</Filter>
    </ClCompile>
    <ClCompile Include="..\src\yolo_layer.c">
      <Filter>Source Files</Filter>
    </ClCompile>
  </ItemGroup>
  <ItemGroup>
    <ClInclude Include="..\src\activation_layer.h">
      <Filter>Header Files</Filter>
    </ClInclude>
    <ClInclude Include="..\src\activations.h">
      <Filter>Header Files</Filter>
    </ClInclude>
    <ClInclude Include="..\src\avgpool_layer.h">
      <Filter>Header Files</Filter>
    </ClInclude>
    <ClInclude Include="..\src\batchnorm_layer.h">
      <Filter>Header Files</Filter>
    </ClInclude>
    <ClInclude Include="..\src\blas.h">
      <Filter>Header Files</Filter>
    </ClInclude>
    <ClInclude Include="..\src\box.h">
      <Filter>Header Files</Filter>
    </ClInclude>
    <ClInclude Include="..\src\classifier.h">
      <Filter>Header Files</Filter>
    </ClInclude>
    <ClInclude Include="..\src\col2im.h">
      <Filter>Header Files</Filter>
    </ClInclude>
    <ClInclude Include="..\src\connected_layer.h">
      <Filter>Header Files</Filter>
    </ClInclude>
    <ClInclude Include="..\src\convolutional_layer.h">
      <Filter>Header Files</Filter>
    </ClInclude>
    <ClInclude Include="..\src\cost_layer.h">
      <Filter>Header Files</Filter>
    </ClInclude>
    <ClInclude Include="..\src\crnn_layer.h">
      <Filter>Header Files</Filter>
    </ClInclude>
    <ClInclude Include="..\src\crop_layer.h">
      <Filter>Header Files</Filter>
    </ClInclude>
    <ClInclude Include="..\src\cuda.h">
      <Filter>Header Files</Filter>
    </ClInclude>
    <ClInclude Include="..\src\data.h">
      <Filter>Header Files</Filter>
    </ClInclude>
    <ClInclude Include="..\src\deconvolutional_layer.h">
      <Filter>Header Files</Filter>
    </ClInclude>
    <ClInclude Include="..\src\demo.h">
      <Filter>Header Files</Filter>
    </ClInclude>
    <ClInclude Include="..\src\detection_layer.h">
      <Filter>Header Files</Filter>
    </ClInclude>
    <ClInclude Include="..\src\dropout_layer.h">
      <Filter>Header Files</Filter>
    </ClInclude>
    <ClInclude Include="..\src\gemm.h">
      <Filter>Header Files</Filter>
    </ClInclude>
    <ClInclude Include="..\windows\gettimeofday.h">
      <Filter>Header Files</Filter>
    </ClInclude>
    <ClInclude Include="..\src\gru_layer.h">
      <Filter>Header Files</Filter>
    </ClInclude>
    <ClInclude Include="..\src\im2col.h">
      <Filter>Header Files</Filter>
    </ClInclude>
    <ClInclude Include="..\src\image.h">
      <Filter>Header Files</Filter>
    </ClInclude>
    <ClInclude Include="..\src\l2norm_layer.h">
      <Filter>Header Files</Filter>
    </ClInclude>
    <ClInclude Include="..\src\layer.h">
      <Filter>Header Files</Filter>
    </ClInclude>
    <ClInclude Include="..\src\list.h">
      <Filter>Header Files</Filter>
    </ClInclude>
    <ClInclude Include="..\src\local_layer.h">
      <Filter>Header Files</Filter>
    </ClInclude>
    <ClInclude Include="..\src\logistic_layer.h">
      <Filter>Header Files</Filter>
    </ClInclude>
    <ClInclude Include="..\src\lstm_layer.h">
      <Filter>Header Files</Filter>
    </ClInclude>
    <ClInclude Include="..\src\matrix.h">
      <Filter>Header Files</Filter>
    </ClInclude>
    <ClInclude Include="..\src\maxpool_layer.h">
      <Filter>Header Files</Filter>
    </ClInclude>
    <ClInclude Include="..\src\network.h">
      <Filter>Header Files</Filter>
    </ClInclude>
    <ClInclude Include="..\src\normalization_layer.h">
      <Filter>Header Files</Filter>
    </ClInclude>
    <ClInclude Include="..\src\option_list.h">
      <Filter>Header Files</Filter>
    </ClInclude>
    <ClInclude Include="..\src\parser.h">
      <Filter>Header Files</Filter>
    </ClInclude>
    <ClInclude Include="..\src\region_layer.h">
      <Filter>Header Files</Filter>
    </ClInclude>
    <ClInclude Include="..\src\reorg_layer.h">
      <Filter>Header Files</Filter>
    </ClInclude>
    <ClInclude Include="..\src\rnn_layer.h">
      <Filter>Header Files</Filter>
    </ClInclude>
    <ClInclude Include="..\src\route_layer.h">
      <Filter>Header Files</Filter>
    </ClInclude>
    <ClInclude Include="..\src\shortcut_layer.h">
      <Filter>Header Files</Filter>
    </ClInclude>
    <ClInclude Include="..\src\softmax_layer.h">
      <Filter>Header Files</Filter>
    </ClInclude>
    <ClInclude Include="..\src\stb_image.h">
      <Filter>Header Files</Filter>
    </ClInclude>
    <ClInclude Include="..\src\stb_image_write.h">
      <Filter>Header Files</Filter>
    </ClInclude>
    <ClInclude Include="..\src\tree.h">
      <Filter>Header Files</Filter>
    </ClInclude>
    <ClInclude Include="..\src\upsample_layer.h">
      <Filter>Header Files</Filter>
    </ClInclude>
    <ClInclude Include="..\src\utils.h">
      <Filter>Header Files</Filter>
    </ClInclude>
    <ClInclude Include="..\src\yolo_layer.h">
      <Filter>Header Files</Filter>
    </ClInclude>
  </ItemGroup>
  <ItemGroup>
    <CustomBuild Include="..\src\activation_kernels.cu">
      <Filter>cuda_compiler</Filter>
    </CustomBuild>
    <CustomBuild Include="..\src\avgpool_layer_kernels.cu">
      <Filter>cuda_compiler</Filter>
    </CustomBuild>
    <CustomBuild Include="..\src\blas_kernels.cu">
      <Filter>cuda_compiler</Filter>
    </CustomBuild>
    <CustomBuild Include="..\src\col2im_kernels.cu">
      <Filter>cuda_compiler</Filter>
    </CustomBuild>
    <CustomBuild Include="..\src\convolutional_kernels.cu">
      <Filter>cuda_compiler</Filter>
    </CustomBuild>
    <CustomBuild Include="..\src\crop_layer_kernels.cu">
      <Filter>cuda_compiler</Filter>
    </CustomBuild>
    <CustomBuild Include="..\src\deconvolutional_kernels.cu">
      <Filter>cuda_compiler</Filter>
    </CustomBuild>
    <CustomBuild Include="..\src\dropout_layer_kernels.cu">
      <Filter>cuda_compiler</Filter>
    </CustomBuild>
    <CustomBuild Include="..\src\im2col_kernels.cu">
      <Filter>cuda_compiler</Filter>
    </CustomBuild>
    <CustomBuild Include="..\src\maxpool_layer_kernels.cu">
      <Filter>cuda_compiler</Filter>
    </CustomBuild>
  </ItemGroup>
</Project>